
Microsoft Visual Studio Solution File, Format Version 12.00
# Visual Studio Version 17
VisualStudioVersion = 17.2.32616.157
MinimumVisualStudioVersion = 10.0.40219.1
Project("{FAE04EC0-301F-11D3-BF4B-00C04F79EFBC}") = "Inmar Console", "Inmar Console.csproj", "{C2E9EDC0-3810-4C82-970F-450DF4B36E9E}"
EndProject
Project("{FAE04EC0-301F-11D3-BF4B-00C04F79EFBC}") = "Inmar WEB API", "..\Inmar WEB API\Inmar WEB API.csproj", "{E6E486FE-F113-4AD6-970A-A18DB68BDE75}"
EndProject
Global
	GlobalSection(SolutionConfigurationPlatforms) = preSolution
		Debug|Any CPU = Debug|Any CPU
		Release|Any CPU = Release|Any CPU
	EndGlobalSection
	GlobalSection(ProjectConfigurationPlatforms) = postSolution
		{C2E9EDC0-3810-4C82-970F-450DF4B36E9E}.Debug|Any CPU.ActiveCfg = Debug|Any CPU
		{C2E9EDC0-3810-4C82-970F-450DF4B36E9E}.Debug|Any CPU.Build.0 = Debug|Any CPU
		{C2E9EDC0-3810-4C82-970F-450DF4B36E9E}.Release|Any CPU.ActiveCfg = Release|Any CPU
		{C2E9EDC0-3810-4C82-970F-450DF4B36E9E}.Release|Any CPU.Build.0 = Release|Any CPU
		{E6E486FE-F113-4AD6-970A-A18DB68BDE75}.Debug|Any CPU.ActiveCfg = Debug|Any CPU
		{E6E486FE-F113-4AD6-970A-A18DB68BDE75}.Debug|Any CPU.Build.0 = Debug|Any CPU
		{E6E486FE-F113-4AD6-970A-A18DB68BDE75}.Release|Any CPU.ActiveCfg = Release|Any CPU
		{E6E486FE-F113-4AD6-970A-A18DB68BDE75}.Release|Any CPU.Build.0 = Release|Any CPU
	EndGlobalSection
	GlobalSection(SolutionProperties) = preSolution
		HideSolutionNode = FALSE
	EndGlobalSection
	GlobalSection(ExtensibilityGlobals) = postSolution
		SolutionGuid = {2F8C14CC-6A44-4344-9835-58BD5DA9EFA4}
	EndGlobalSection
EndGlobal
